
Microsoft Visual Studio Solution File, Format Version 12.00
# Visual Studio Version 17
VisualStudioVersion = 17.0.31912.275
MinimumVisualStudioVersion = 10.0.40219.1
Project("{FAE04EC0-301F-11D3-BF4B-00C04F79EFBC}") = "Agility.PlanningPoker.App", "Agility.PlanningPoker.App\Agility.PlanningPoker.App.csproj", "{8818BA1E-582E-4931-99DF-C4FB30623955}"
EndProject
Global
	GlobalSection(SolutionConfigurationPlatforms) = preSolution
		Debug|Any CPU = Debug|Any CPU
		Release|Any CPU = Release|Any CPU
	EndGlobalSection
	GlobalSection(ProjectConfigurationPlatforms) = postSolution
		{8818BA1E-582E-4931-99DF-C4FB30623955}.Debug|Any CPU.ActiveCfg = Debug|Any CPU
		{8818BA1E-582E-4931-99DF-C4FB30623955}.Debug|Any CPU.Build.0 = Debug|Any CPU
		{8818BA1E-582E-4931-99DF-C4FB30623955}.Release|Any CPU.ActiveCfg = Release|Any CPU
		{8818BA1E-582E-4931-99DF-C4FB30623955}.Release|Any CPU.Build.0 = Release|Any CPU
	EndGlobalSection
	GlobalSection(SolutionProperties) = preSolution
		HideSolutionNode = FALSE
	EndGlobalSection
	GlobalSection(ExtensibilityGlobals) = postSolution
		SolutionGuid = {6F535913-241D-4EC8-B604-131FDD457DF9}
	EndGlobalSection
EndGlobal
